
Microsoft Visual Studio Solution File, Format Version 12.00
# Visual Studio 15
VisualStudioVersion = 15.0.28307.1525
MinimumVisualStudioVersion = 10.0.40219.1
Project("{FAE04EC0-301F-11D3-BF4B-00C04F79EFBC}") = "calculatrice_pro", "calculatrice_pro\calculatrice_pro.csproj", "{F593DB3C-BEAF-4EF0-B72D-2C1B94B4E206}"
EndProject
Global
	GlobalSection(SolutionConfigurationPlatforms) = preSolution
		Debug|Any CPU = Debug|Any CPU
		Release|Any CPU = Release|Any CPU
	EndGlobalSection
	GlobalSection(ProjectConfigurationPlatforms) = postSolution
		{F593DB3C-BEAF-4EF0-B72D-2C1B94B4E206}.Debug|Any CPU.ActiveCfg = Debug|Any CPU
		{F593DB3C-BEAF-4EF0-B72D-2C1B94B4E206}.Debug|Any CPU.Build.0 = Debug|Any CPU
		{F593DB3C-BEAF-4EF0-B72D-2C1B94B4E206}.Release|Any CPU.ActiveCfg = Release|Any CPU
		{F593DB3C-BEAF-4EF0-B72D-2C1B94B4E206}.Release|Any CPU.Build.0 = Release|Any CPU
	EndGlobalSection
	GlobalSection(SolutionProperties) = preSolution
		HideSolutionNode = FALSE
	EndGlobalSection
	GlobalSection(ExtensibilityGlobals) = postSolution
		SolutionGuid = {9921F66A-7B12-4D0C-9FBE-D9B7926A0E25}
	EndGlobalSection
EndGlobal
